
Microsoft Visual Studio Solution File, Format Version 12.00
# Visual Studio Version 17
VisualStudioVersion = 17.14.36603.0 d17.14
MinimumVisualStudioVersion = 10.0.40219.1
Project("{FAE04EC0-301F-11D3-BF4B-00C04F79EFBC}") = "Form_Test", "Form_Test\Form_Test.csproj", "{256DD5C7-6613-48BA-873F-3377DF40C2F1}"
EndProject
Global
	GlobalSection(SolutionConfigurationPlatforms) = preSolution
		Debug|Any CPU = Debug|Any CPU
		Release|Any CPU = Release|Any CPU
	EndGlobalSection
	GlobalSection(ProjectConfigurationPlatforms) = postSolution
		{256DD5C7-6613-48BA-873F-3377DF40C2F1}.Debug|Any CPU.ActiveCfg = Debug|Any CPU
		{256DD5C7-6613-48BA-873F-3377DF40C2F1}.Debug|Any CPU.Build.0 = Debug|Any CPU
		{256DD5C7-6613-48BA-873F-3377DF40C2F1}.Release|Any CPU.ActiveCfg = Release|Any CPU
		{256DD5C7-6613-48BA-873F-3377DF40C2F1}.Release|Any CPU.Build.0 = Release|Any CPU
	EndGlobalSection
	GlobalSection(SolutionProperties) = preSolution
		HideSolutionNode = FALSE
	EndGlobalSection
	GlobalSection(ExtensibilityGlobals) = postSolution
		SolutionGuid = {FC1C6F2F-B461-48BA-9231-BE8683079994}
	EndGlobalSection
EndGlobal
